adagio==0.2.6
cloudpickle==3.1.2
coreforecast==0.0.18
et_xmlfile==2.0.0
formulaic==1.2.2
fsspec==2026.7.0
fugue==0.9.7
gnomon-forecast==1.2.0
iniconfig==2.3.0
interface_meta==2.0.1
joblib==1.6.0
narwhals==2.26.0
numpy==2.5.3
openpyxl==3.1.5
packaging==26.3
pandas==2.3.3
patsy==1.0.3
pluggy==1.6.0
pyarrow==25.0.1
Pygments==2.21.0
pytest==9.1.1
python-dateutil==2.9.0.post0
pytz==2026.3.post1
scikit-learn==1.9.1
scipy==1.18.1
six==1.17.0
statsforecast==2.1.1
statsmodels==0.15.0
threadpoolctl==3.7.0
tqdm==4.70.1
triad==1.0.2
typing_extensions==4.16.0
tzdata==2026.4
utilsforecast==0.2.16
wrapt==2.4.1
